
Microsoft Visual Studio Solution File, Format Version 12.00
# Visual Studio Version 16
VisualStudioVersion = 16.0.30523.141
MinimumVisualStudioVersion = 10.0.40219.1
Project("{FAE04EC0-301F-11D3-BF4B-00C04F79EFBC}") = "OnnxLab1", "OnnxLab1.csproj", "{411EA2B5-7F41-4EF1-A0FE-8262B601B28D}"
EndProject
Project("{FAE04EC0-301F-11D3-BF4B-00C04F79EFBC}") = "NeuralNetwork", "..\NeuralNetwork\NeuralNetwork.csproj", "{EDE5C8BB-CA24-4540-A054-239384241ADE}"
EndProject
Global
	GlobalSection(SolutionConfigurationPlatforms) = preSolution
		Debug|Any CPU = Debug|Any CPU
		Debug|x64 = Debug|x64
		Release|Any CPU = Release|Any CPU
		Release|x64 = Release|x64
	EndGlobalSection
	GlobalSection(ProjectConfigurationPlatforms) = postSolution
		{411EA2B5-7F41-4EF1-A0FE-8262B601B28D}.Debug|Any CPU.ActiveCfg = Debug|Any CPU
		{411EA2B5-7F41-4EF1-A0FE-8262B601B28D}.Debug|Any CPU.Build.0 = Debug|Any CPU
		{411EA2B5-7F41-4EF1-A0FE-8262B601B28D}.Debug|x64.ActiveCfg = Debug|x64
		{411EA2B5-7F41-4EF1-A0FE-8262B601B28D}.Debug|x64.Build.0 = Debug|x64
		{411EA2B5-7F41-4EF1-A0FE-8262B601B28D}.Release|Any CPU.ActiveCfg = Release|Any CPU
		{411EA2B5-7F41-4EF1-A0FE-8262B601B28D}.Release|Any CPU.Build.0 = Release|Any CPU
		{411EA2B5-7F41-4EF1-A0FE-8262B601B28D}.Release|x64.ActiveCfg = Release|x64
		{411EA2B5-7F41-4EF1-A0FE-8262B601B28D}.Release|x64.Build.0 = Release|x64
		{EDE5C8BB-CA24-4540-A054-239384241ADE}.Debug|Any CPU.ActiveCfg = Debug|Any CPU
		{EDE5C8BB-CA24-4540-A054-239384241ADE}.Debug|Any CPU.Build.0 = Debug|Any CPU
		{EDE5C8BB-CA24-4540-A054-239384241ADE}.Debug|x64.ActiveCfg = Debug|Any CPU
		{EDE5C8BB-CA24-4540-A054-239384241ADE}.Debug|x64.Build.0 = Debug|Any CPU
		{EDE5C8BB-CA24-4540-A054-239384241ADE}.Release|Any CPU.ActiveCfg = Release|Any CPU
		{EDE5C8BB-CA24-4540-A054-239384241ADE}.Release|Any CPU.Build.0 = Release|Any CPU
		{EDE5C8BB-CA24-4540-A054-239384241ADE}.Release|x64.ActiveCfg = Release|Any CPU
		{EDE5C8BB-CA24-4540-A054-239384241ADE}.Release|x64.Build.0 = Release|Any CPU
	EndGlobalSection
	GlobalSection(SolutionProperties) = preSolution
		HideSolutionNode = FALSE
	EndGlobalSection
	GlobalSection(ExtensibilityGlobals) = postSolution
		SolutionGuid = {67541725-0C36-4F47-9C73-EAB7A47C3D95}
	EndGlobalSection
EndGlobal
